<?xml version="1.0" encoding="utf-8"?>
<Project ToolsVersion="4.0" xmlns="http://schemas.microsoft.com/developer/msbuild/2003">
  <ItemGroup>
    <ClCompile Include="test.cpp" />
    <ClCompile Include="TEST_PHS2_1.cpp">
      <Filter>PHS2</Filter>
    </ClCompile>
    <ClCompile Include="TEST_PHS2_2.cpp">
      <Filter>PHS2</Filter>
    </ClCompile>
    <ClCompile Include="TEST_PSH2_3.cpp">
      <Filter>PHS2</Filter>
    </ClCompile>
    <ClCompile Include="test_header.cpp">
      <Filter>PHS1</Filter>
    </ClCompile>
    <ClCompile Include="test_header1.cpp">
      <Filter>PHS1</Filter>
    </ClCompile>
    <ClCompile Include="test_header2.cpp">
      <Filter>PHS1</Filter>
    </ClCompile>
    <ClCompile Include="test_iomanip.cpp">
      <Filter>STD</Filter>
    </ClCompile>
    <ClCompile Include="test_vector.cpp">
      <Filter>STD</Filter>
    </ClCompile>
    <ClCompile Include="test_map.cpp">
      <Filter>STD</Filter>
    </ClCompile>
    <ClCompile Include="test_enum_class.cpp">
      <Filter>STD</Filter>
    </ClCompile>
    <ClCompile Include="test_class.cpp">
      <Filter>STD</Filter>
    </ClCompile>
    <ClCompile Include="test_numeric_limit.cpp">
      <Filter>STD</Filter>
    </ClCompile>
    <ClCompile Include="test_MecVector.cpp" />
    <ClCompile Include="test_Matrix.cpp" />
  </ItemGroup>
  <ItemGroup>
    <None Include=".clang-format" />
  </ItemGroup>
  <ItemGroup>
    <Filter Include="PHS2">
      <UniqueIdentifier>{38120479-d7c7-433c-a84f-67d5086f3276}</UniqueIdentifier>
    </Filter>
    <Filter Include="PHS1">
      <UniqueIdentifier>{381c4b74-9f05-4fb3-ad73-49ac913cea96}</UniqueIdentifier>
    </Filter>
    <Filter Include="STD">
      <UniqueIdentifier>{91f8edb8-456b-4fea-9795-05c9c846e474}</UniqueIdentifier>
    </Filter>
  </ItemGroup>
</Project>